// !$*UTF8*$!
{
	archiveVersion = 1;
	classes = {
	};
	objectVersion = 56;
	objects = {

/* Begin PBXBuildFile section */
		8B86CE681AEF83534ACFD117 /* Pods_SpotifyLoginSampleApp.framework in Frameworks */ = {isa = PBXBuildFile; fileRef = 8F74E6CA98D043FE218E1D52 /* Pods_SpotifyLoginSampleApp.framework */; };
		B9151A6E28E35687002D35A7 /* GoogleService-Info.plist in Resources */ = {isa = PBXBuildFile; fileRef = B9151A6D28E35687002D35A7 /* GoogleService-Info.plist */; };
		B968DE4D28E2ACDB0049D1CD /* AppDelegate.swift in Sources */ = {isa = PBXBuildFile; fileRef = B968DE4C28E2ACDB0049D1CD /* AppDelegate.swift */; };
		B968DE4F28E2ACDB0049D1CD /* SceneDelegate.swift in Sources */ = {isa = PBXBuildFile; fileRef = B968DE4E28E2ACDB0049D1CD /* SceneDelegate.swift */; };
		B968DE5428E2ACDB0049D1CD /* Main.storyboard in Resources */ = {isa = PBXBuildFile; fileRef = B968DE5228E2ACDB0049D1CD /* Main.storyboard */; };
		B968DE5628E2ACDC0049D1CD /* Assets.xcassets in Resources */ = {isa = PBXBuildFile; fileRef = B968DE5528E2ACDC0049D1CD /* Assets.xcassets */; };
		B968DE5928E2ACDC0049D1CD /* LaunchScreen.storyboard in Resources */ = {isa = PBXBuildFile; fileRef = B968DE5728E2ACDC0049D1CD /* LaunchScreen.storyboard */; };
		B968DE6128E2AD0A0049D1CD /* LoginViewController.swift in Sources */ = {isa = PBXBuildFile; fileRef = B968DE6028E2AD0A0049D1CD /* LoginViewController.swift */; };
		B96A86D028E3116100FDBDD3 /* EnterEmailViewController.swift in Sources */ = {isa = PBXBuildFile; fileRef = B96A86CF28E3116100FDBDD3 /* EnterEmailViewController.swift */; };
		B96A86D228E335CE00FDBDD3 /* MainViewController.swift in Sources */ = {isa = PBXBuildFile; fileRef = B96A86D128E335CE00FDBDD3 /* MainViewController.swift */; };
/* End PBXBuildFile section */

/* Begin PBXFileReference section */
		46B14AC8C13E1BD2108F75A1 /* Pods-SpotifyLoginSampleApp.debug.xcconfig */ = {isa = PBXFileReference; includeInIndex = 1; lastKnownFileType = text.xcconfig; name = "Pods-SpotifyLoginSampleApp.debug.xcconfig"; path = "Target Support Files/Pods-SpotifyLoginSampleApp/Pods-SpotifyLoginSampleApp.debug.xcconfig"; sourceTree = "<group>"; };
		8F74E6CA98D043FE218E1D52 /* Pods_SpotifyLoginSampleApp.framework */ = {isa = PBXFileReference; explicitFileType = wrapper.framework; includeInIndex = 0; path = Pods_SpotifyLoginSampleApp.framework; sourceTree = BUILT_PRODUCTS_DIR; };
		A0C7D50562EFAC04814668C5 /* Pods-SpotifyLoginSampleApp.release.xcconfig */ = {isa = PBXFileReference; includeInIndex = 1; lastKnownFileType = text.xcconfig; name = "Pods-SpotifyLoginSampleApp.release.xcconfig"; path = "Target Support Files/Pods-SpotifyLoginSampleApp/Pods-SpotifyLoginSampleApp.release.xcconfig"; sourceTree = "<group>"; };
		B9151A6D28E35687002D35A7 /* GoogleService-Info.plist */ = {isa = PBXFileReference; fileEncoding = 4; lastKnownFileType = text.plist.xml; path = "GoogleService-Info.plist"; sourceTree = "<group>"; };
		B968DE4928E2ACDB0049D1CD /* SpotifyLoginSampleApp.app */ = {isa = PBXFileReference; explicitFileType = wrapper.application; includeInIndex = 0; path = SpotifyLoginSampleApp.app; sourceTree = BUILT_PRODUCTS_DIR; };
		B968DE4C28E2ACDB0049D1CD /* AppDelegate.swift */ = {isa = PBXFileReference; lastKnownFileType = sourcecode.swift; path = AppDelegate.swift; sourceTree = "<group>"; };
		B968DE4E28E2ACDB0049D1CD /* SceneDelegate.swift */ = {isa = PBXFileReference; lastKnownFileType = sourcecode.swift; path = SceneDelegate.swift; sourceTree = "<group>"; };
		B968DE5328E2ACDB0049D1CD /* Base */ = {isa = PBXFileReference; lastKnownFileType = file.storyboard; name = Base; path = Base.lproj/Main.storyboard; sourceTree = "<group>"; };
		B968DE5528E2ACDC0049D1CD /* Assets.xcassets */ = {isa = PBXFileReference; lastKnownFileType = folder.assetcatalog; path = Assets.xcassets; sourceTree = "<group>"; };
		B968DE5828E2ACDC0049D1CD /* Base */ = {isa = PBXFileReference; lastKnownFileType = file.storyboard; name = Base; path = Base.lproj/LaunchScreen.storyboard; sourceTree = "<group>"; };
		B968DE5A28E2ACDC0049D1CD /* Info.plist */ = {isa = PBXFileReference; lastKnownFileType = text.plist.xml; path = Info.plist; sourceTree = "<group>"; };
		B968DE6028E2AD0A0049D1CD /* LoginViewController.swift */ = {isa = PBXFileReference; lastKnownFileType = sourcecode.swift; path = LoginViewController.swift; sourceTree = "<group>"; };
		B96A86CF28E3116100FDBDD3 /* EnterEmailViewController.swift */ = {isa = PBXFileReference; lastKnownFileType = sourcecode.swift; path = EnterEmailViewController.swift; sourceTree = "<group>"; };
		B96A86D128E335CE00FDBDD3 /* MainViewController.swift */ = {isa = PBXFileReference; lastKnownFileType = sourcecode.swift; path = MainViewController.swift; sourceTree = "<group>"; };
		CCF40F9D28E406CC00A956CE /* SpotifyLoginSampleApp.entitlements */ = {isa = PBXFileReference; lastKnownFileType = text.plist.entitlements; path = SpotifyLoginSampleApp.entitlements; sourceTree = "<group>"; };
/* End PBXFileReference section */

/* Begin PBXFrameworksBuildPhase section */
		B968DE4628E2ACDB0049D1CD /* Frameworks */ = {
			isa = PBXFrameworksBuildPhase;
			buildActionMask = 2147483647;
			files = (
				8B86CE681AEF83534ACFD117 /* Pods_SpotifyLoginSampleApp.framework in Frameworks */,
			);
			runOnlyForDeploymentPostprocessing = 0;
		};
/* End PBXFrameworksBuildPhase section */

/* Begin PBXGroup section */
		B224A73EB4D2FA8AEB1223DC /* Pods */ = {
			isa = PBXGroup;
			children = (
				46B14AC8C13E1BD2108F75A1 /* Pods-SpotifyLoginSampleApp.debug.xcconfig */,
				A0C7D50562EFAC04814668C5 /* Pods-SpotifyLoginSampleApp.release.xcconfig */,
			);
			path = Pods;
			sourceTree = "<group>";
		};
		B968DE4028E2ACDB0049D1CD = {
			isa = PBXGroup;
			children = (
				B968DE4B28E2ACDB0049D1CD /* SpotifyLoginSampleApp */,
				B968DE4A28E2ACDB0049D1CD /* Products */,
				B224A73EB4D2FA8AEB1223DC /* Pods */,
				CAAAAF8B04FF8556FB44AC8A /* Frameworks */,
			);
			sourceTree = "<group>";
		};
		B968DE4A28E2ACDB0049D1CD /* Products */ = {
			isa = PBXGroup;
			children = (
				B968DE4928E2ACDB0049D1CD /* SpotifyLoginSampleApp.app */,
			);
			name = Products;
			sourceTree = "<group>";
		};
		B968DE4B28E2ACDB0049D1CD /* SpotifyLoginSampleApp */ = {
			isa = PBXGroup;
			children = (
				CCF40F9D28E406CC00A956CE /* SpotifyLoginSampleApp.entitlements */,
				B968DE4C28E2ACDB0049D1CD /* AppDelegate.swift */,
				B968DE4E28E2ACDB0049D1CD /* SceneDelegate.swift */,
				B96A86CF28E3116100FDBDD3 /* EnterEmailViewController.swift */,
				B96A86D128E335CE00FDBDD3 /* MainViewController.swift */,
				B968DE6028E2AD0A0049D1CD /* LoginViewController.swift */,
				B968DE5528E2ACDC0049D1CD /* Assets.xcassets */,
				B968DE5228E2ACDB0049D1CD /* Main.storyboard */,
				B968DE5728E2ACDC0049D1CD /* LaunchScreen.storyboard */,
				B968DE5A28E2ACDC0049D1CD /* Info.plist */,
				B9151A6D28E35687002D35A7 /* GoogleService-Info.plist */,
			);
			path = SpotifyLoginSampleApp;
			sourceTree = "<group>";
		};
		CAAAAF8B04FF8556FB44AC8A /* Frameworks */ = {
			isa = PBXGroup;
			children = (
				8F74E6CA98D043FE218E1D52 /* Pods_SpotifyLoginSampleApp.framework */,
			);
			name = Frameworks;
			sourceTree = "<group>";
		};
/* End PBXGroup section */

/* Begin PBXNativeTarget section */
		B968DE4828E2ACDB0049D1CD /* SpotifyLoginSampleApp */ = {
			isa = PBXNativeTarget;
			buildConfigurationList = B968DE5D28E2ACDC0049D1CD /* Build configuration list for PBXNativeTarget "SpotifyLoginSampleApp" */;
			buildPhases = (
				48D49CA5FD39AA464ABD4F10 /* [CP] Check Pods Manifest.lock */,
				B968DE4528E2ACDB0049D1CD /* Sources */,
				B968DE4628E2ACDB0049D1CD /* Frameworks */,
				B968DE4728E2ACDB0049D1CD /* Resources */,
				B8DD2D3FBEC796EC40CF980D /* [CP] Embed Pods Frameworks */,
			);
			buildRules = (
			);
			dependencies = (
			);
			name = SpotifyLoginSampleApp;
			productName = SpotifyLoginSampleApp;
			productReference = B968DE4928E2ACDB0049D1CD /* SpotifyLoginSampleApp.app */;
			productType = "com.apple.product-type.application";
		};
/* End PBXNativeTarget section */

/* Begin PBXProject section */
		B968DE4128E2ACDB0049D1CD /* Project object */ = {
			isa = PBXProject;
			attributes = {
				BuildIndependentTargetsInParallel = 1;
				LastSwiftUpdateCheck = 1400;
				LastUpgradeCheck = 1400;
				TargetAttributes = {
					B968DE4828E2ACDB0049D1CD = {
						CreatedOnToolsVersion = 14.0;
					};
				};
			};
			buildConfigurationList = B968DE4428E2ACDB0049D1CD /* Build configuration list for PBXProject "SpotifyLoginSampleApp" */;
			compatibilityVersion = "Xcode 14.0";
			developmentRegion = en;
			hasScannedForEncodings = 0;
			knownRegions = (
				en,
				Base,
			);
			mainGroup = B968DE4028E2ACDB0049D1CD;
			productRefGroup = B968DE4A28E2ACDB0049D1CD /* Products */;
			projectDirPath = "";
			projectRoot = "";
			targets = (
				B968DE4828E2ACDB0049D1CD /* SpotifyLoginSampleApp */,
			);
		};
/* End PBXProject section */

/* Begin PBXResourcesBuildPhase section */
		B968DE4728E2ACDB0049D1CD /* Resources */ = {
			isa = PBXResourcesBuildPhase;
			buildActionMask = 2147483647;
			files = (
				B968DE5928E2ACDC0049D1CD /* LaunchScreen.storyboard in Resources */,
				B9151A6E28E35687002D35A7 /* GoogleService-Info.plist in Resources */,
				B968DE5628E2ACDC0049D1CD /* Assets.xcassets in Resources */,
				B968DE5428E2ACDB0049D1CD /* Main.storyboard in Resources */,
			);
			runOnlyForDeploymentPostprocessing = 0;
		};
/* End PBXResourcesBuildPhase section */

/* Begin PBXShellScriptBuildPhase section */
		48D49CA5FD39AA464ABD4F10 /* [CP] Check Pods Manifest.lock */ = {
			isa = PBXShellScriptBuildPhase;
			buildActionMask = 2147483647;
			files = (
			);
			inputFileListPaths = (
			);
			inputPaths = (
				"${PODS_PODFILE_DIR_PATH}/Podfile.lock",
				"${PODS_ROOT}/Manifest.lock",
			);
			name = "[CP] Check Pods Manifest.lock";
			outputFileListPaths = (
			);
			outputPaths = (
				"$(DERIVED_FILE_DIR)/Pods-SpotifyLoginSampleApp-checkManifestLockResult.txt",
			);
			runOnlyForDeploymentPostprocessing = 0;
			shellPath = /bin/sh;
			shellScript = "diff \"${PODS_PODFILE_DIR_PATH}/Podfile.lock\" \"${PODS_ROOT}/Manifest.lock\" > /dev/null\nif [ $? != 0 ] ; then\n    # print error to STDERR\n    echo \"error: The sandbox is not in sync with the Podfile.lock. Run 'pod install' or update your CocoaPods installation.\" >&2\n    exit 1\nfi\n# This output is used by Xcode 'outputs' to avoid re-running this script phase.\necho \"SUCCESS\" > \"${SCRIPT_OUTPUT_FILE_0}\"\n";
			showEnvVarsInLog = 0;
		};
		B8DD2D3FBEC796EC40CF980D /* [CP] Embed Pods Frameworks */ = {
			isa = PBXShellScriptBuildPhase;
			buildActionMask = 2147483647;
			files = (
			);
			inputFileListPaths = (
				"${PODS_ROOT}/Target Support Files/Pods-SpotifyLoginSampleApp/Pods-SpotifyLoginSampleApp-frameworks-${CONFIGURATION}-input-files.xcfilelist",
			);
			name = "[CP] Embed Pods Frameworks";
			outputFileListPaths = (
				"${PODS_ROOT}/Target Support Files/Pods-SpotifyLoginSampleApp/Pods-SpotifyLoginSampleApp-frameworks-${CONFIGURATION}-output-files.xcfilelist",
			);
			runOnlyForDeploymentPostprocessing = 0;
			shellPath = /bin/sh;
			shellScript = "\"${PODS_ROOT}/Target Support Files/Pods-SpotifyLoginSampleApp/Pods-SpotifyLoginSampleApp-frameworks.sh\"\n";
			showEnvVarsInLog = 0;
		};
/* End PBXShellScriptBuildPhase section */

/* Begin PBXSourcesBuildPhase section */
		B968DE4528E2ACDB0049D1CD /* Sources */ = {
			isa = PBXSourcesBuildPhase;
			buildActionMask = 2147483647;
			files = (
				B968DE6128E2AD0A0049D1CD /* LoginViewController.swift in Sources */,
				B968DE4D28E2ACDB0049D1CD /* AppDelegate.swift in Sources */,
				B96A86D028E3116100FDBDD3 /* EnterEmailViewController.swift in Sources */,
				B968DE4F28E2ACDB0049D1CD /* SceneDelegate.swift in Sources */,
				B96A86D228E335CE00FDBDD3 /* MainViewController.swift in Sources */,
			);
			runOnlyForDeploymentPostprocessing = 0;
		};
/* End PBXSourcesBuildPhase section */

/* Begin PBXVariantGroup section */
		B968DE5228E2ACDB0049D1CD /* Main.storyboard */ = {
			isa = PBXVariantGroup;
			children = (
				B968DE5328E2ACDB0049D1CD /* Base */,
			);
			name = Main.storyboard;
			sourceTree = "<group>";
		};
		B968DE5728E2ACDC0049D1CD /* LaunchScreen.storyboard */ = {
			isa = PBXVariantGroup;
			children = (
				B968DE5828E2ACDC0049D1CD /* Base */,
			);
			name = LaunchScreen.storyboard;
			sourceTree = "<group>";
		};
/* End PBXVariantGroup section */

/* Begin XCBuildConfiguration section */
		B968DE5B28E2ACDC0049D1CD /* Debug */ = {
			isa = XCBuildConfiguration;
			buildSettings = {
				ALWAYS_SEARCH_USER_PATHS = NO;
				CLANG_ANALYZER_NONNULL = YES;
				CLANG_ANALYZER_NUMBER_OBJECT_CONVERSION = YES_AGGRESSIVE;
				CLANG_CXX_LANGUAGE_STANDARD = "gnu++20";
				CLANG_ENABLE_MODULES = YES;
				CLANG_ENABLE_OBJC_ARC = YES;
				CLANG_ENABLE_OBJC_WEAK = YES;
				CLANG_WARN_BLOCK_CAPTURE_AUTORELEASING = YES;
				CLANG_WARN_BOOL_CONVERSION = YES;
				CLANG_WARN_COMMA = YES;
				CLANG_WARN_CONSTANT_CONVERSION = YES;
				CLANG_WARN_DEPRECATED_OBJC_IMPLEMENTATIONS = YES;
				CLANG_WARN_DIRECT_OBJC_ISA_USAGE = YES_ERROR;
				CLANG_WARN_DOCUMENTATION_COMMENTS = YES;
				CLANG_WARN_EMPTY_BODY = YES;
				CLANG_WARN_ENUM_CONVERSION = YES;
				CLANG_WARN_INFINITE_RECURSION = YES;
				CLANG_WARN_INT_CONVERSION = YES;
				CLANG_WARN_NON_LITERAL_NULL_CONVERSION = YES;
				CLANG_WARN_OBJC_IMPLICIT_RETAIN_SELF = YES;
				CLANG_WARN_OBJC_LITERAL_CONVERSION = YES;
				CLANG_WARN_OBJC_ROOT_CLASS = YES_ERROR;
				CLANG_WARN_QUOTED_INCLUDE_IN_FRAMEWORK_HEADER = YES;
				CLANG_WARN_RANGE_LOOP_ANALYSIS = YES;
				CLANG_WARN_STRICT_PROTOTYPES = YES;
				CLANG_WARN_SUSPICIOUS_MOVE = YES;
				CLANG_WARN_UNGUARDED_AVAILABILITY = YES_AGGRESSIVE;
				CLANG_WARN_UNREACHABLE_CODE = YES;
				CLANG_WARN__DUPLICATE_METHOD_MATCH = YES;
				COPY_PHASE_STRIP = NO;
				DEBUG_INFORMATION_FORMAT = dwarf;
				ENABLE_STRICT_OBJC_MSGSEND = YES;
				ENABLE_TESTABILITY = YES;
				GCC_C_LANGUAGE_STANDARD = gnu11;
				GCC_DYNAMIC_NO_PIC = NO;
				GCC_NO_COMMON_BLOCKS = YES;
				GCC_OPTIMIZATION_LEVEL = 0;
				GCC_PREPROCESSOR_DEFINITIONS = (
					"DEBUG=1",
					"$(inherited)",
				);
				GCC_WARN_64_TO_32_BIT_CONVERSION = YES;
				GCC_WARN_ABOUT_RETURN_TYPE = YES_ERROR;
				GCC_WARN_UNDECLARED_SELECTOR = YES;
				GCC_WARN_UNINITIALIZED_AUTOS = YES_AGGRESSIVE;
				GCC_WARN_UNUSED_FUNCTION = YES;
				GCC_WARN_UNUSED_VARIABLE = YES;
				IPHONEOS_DEPLOYMENT_TARGET = 16.0;
				MTL_ENABLE_DEBUG_INFO = INCLUDE_SOURCE;
				MTL_FAST_MATH = YES;
				ONLY_ACTIVE_ARCH = YES;
				SDKROOT = iphoneos;
				SWIFT_ACTIVE_COMPILATION_CONDITIONS = DEBUG;
				SWIFT_OPTIMIZATION_LEVEL = "-Onone";
			};
			name = Debug;
		};
		B968DE5C28E2ACDC0049D1CD /* Release */ = {
			isa = XCBuildConfiguration;
			buildSettings = {
				ALWAYS_SEARCH_USER_PATHS = NO;
				CLANG_ANALYZER_NONNULL = YES;
				CLANG_ANALYZER_NUMBER_OBJECT_CONVERSION = YES_AGGRESSIVE;
				CLANG_CXX_LANGUAGE_STANDARD = "gnu++20";
				CLANG_ENABLE_MODULES = YES;
				CLANG_ENABLE_OBJC_ARC = YES;
				CLANG_ENABLE_OBJC_WEAK = YES;
				CLANG_WARN_BLOCK_CAPTURE_AUTORELEASING = YES;
				CLANG_WARN_BOOL_CONVERSION = YES;
				CLANG_WARN_COMMA = YES;
				CLANG_WARN_CONSTANT_CONVERSION = YES;
				CLANG_WARN_DEPRECATED_OBJC_IMPLEMENTATIONS = YES;
				CLANG_WARN_DIRECT_OBJC_ISA_USAGE = YES_ERROR;
				CLANG_WARN_DOCUMENTATION_COMMENTS = YES;
				CLANG_WARN_EMPTY_BODY = YES;
				CLANG_WARN_ENUM_CONVERSION = YES;
				CLANG_WARN_INFINITE_RECURSION = YES;
				CLANG_WARN_INT_CONVERSION = YES;
				CLANG_WARN_NON_LITERAL_NULL_CONVERSION = YES;
				CLANG_WARN_OBJC_IMPLICIT_RETAIN_SELF = YES;
				CLANG_WARN_OBJC_LITERAL_CONVERSION = YES;
				CLANG_WARN_OBJC_ROOT_CLASS = YES_ERROR;
				CLANG_WARN_QUOTED_INCLUDE_IN_FRAMEWORK_HEADER = YES;
				CLANG_WARN_RANGE_LOOP_ANALYSIS = YES;
				CLANG_WARN_STRICT_PROTOTYPES = YES;
				CLANG_WARN_SUSPICIOUS_MOVE = YES;
				CLANG_WARN_UNGUARDED_AVAILABILITY = YES_AGGRESSIVE;
				CLANG_WARN_UNREACHABLE_CODE = YES;
				CLANG_WARN__DUPLICATE_METHOD_MATCH = YES;
				COPY_PHASE_STRIP = NO;
				DEBUG_INFORMATION_FORMAT = "dwarf-with-dsym";
				ENABLE_NS_ASSERTIONS = NO;
				ENABLE_STRICT_OBJC_MSGSEND = YES;
				GCC_C_LANGUAGE_STANDARD = gnu11;
				GCC_NO_COMMON_BLOCKS = YES;
				GCC_WARN_64_TO_32_BIT_CONVERSION = YES;
				GCC_WARN_ABOUT_RETURN_TYPE = YES_ERROR;
				GCC_WARN_UNDECLARED_SELECTOR = YES;
				GCC_WARN_UNINITIALIZED_AUTOS = YES_AGGRESSIVE;
				GCC_WARN_UNUSED_FUNCTION = YES;
				GCC_WARN_UNUSED_VARIABLE = YES;
				IPHONEOS_DEPLOYMENT_TARGET = 16.0;
				MTL_ENABLE_DEBUG_INFO = NO;
				MTL_FAST_MATH = YES;
				SDKROOT = iphoneos;
				SWIFT_COMPILATION_MODE = wholemodule;
				SWIFT_OPTIMIZATION_LEVEL = "-O";
				VALIDATE_PRODUCT = YES;
			};
			name = Release;
		};
		B968DE5E28E2ACDC0049D1CD /* Debug */ = {
			isa = XCBuildConfiguration;
			baseConfigurationReference = 46B14AC8C13E1BD2108F75A1 /* Pods-SpotifyLoginSampleApp.debug.xcconfig */;
			buildSettings = {
				ASSETCATALOG_COMPILER_APPICON_NAME = AppIcon;
				ASSETCATALOG_COMPILER_GLOBAL_ACCENT_COLOR_NAME = AccentColor;
				CODE_SIGN_ENTITLEMENTS = SpotifyLoginSampleApp/SpotifyLoginSampleApp.entitlements;
				CODE_SIGN_STYLE = Automatic;
				CURRENT_PROJECT_VERSION = 1;
				DEVELOPMENT_TEAM = BQSHS2D2FB;
				GENERATE_INFOPLIST_FILE = YES;
				INFOPLIST_FILE = SpotifyLoginSampleApp/Info.plist;
				INFOPLIST_KEY_UIApplicationSupportsIndirectInputEvents = YES;
				INFOPLIST_KEY_UILaunchStoryboardName = LaunchScreen;
				INFOPLIST_KEY_UIMainStoryboardFile = Main;
				INFOPLIST_KEY_UISupportedInterfaceOrientations_iPad = "UIInterfaceOrientationPortrait UIInterfaceOrientationPortraitUpsideDown UIInterfaceOrientationLandscapeLeft UIInterfaceOrientationLandscapeRight";
				INFOPLIST_KEY_UISupportedInterfaceOrientations_iPhone = "UIInterfaceOrientationPortrait UIInterfaceOrientationLandscapeLeft UIInterfaceOrientationLandscapeRight";
				IPHONEOS_DEPLOYMENT_TARGET = 15.0;
				LD_RUNPATH_SEARCH_PATHS = (
					"$(inherited)",
					"@executable_path/Frameworks",
				);
				MARKETING_VERSION = 1.0;
				PRODUCT_BUNDLE_IDENTIFIER = CaliPrivate.SpotifyLoginSampleApp;
				PRODUCT_NAME = "$(TARGET_NAME)";
				SWIFT_EMIT_LOC_STRINGS = YES;
				SWIFT_VERSION = 5.0;
				TARGETED_DEVICE_FAMILY = "1,2";
			};
			name = Debug;
		};
		B968DE5F28E2ACDC0049D1CD /* Release */ = {
			isa = XCBuildConfiguration;
			baseConfigurationReference = A0C7D50562EFAC04814668C5 /* Pods-SpotifyLoginSampleApp.release.xcconfig */;
			buildSettings = {
				ASSETCATALOG_COMPILER_APPICON_NAME = AppIcon;
				ASSETCATALOG_COMPILER_GLOBAL_ACCENT_COLOR_NAME = AccentColor;
				CODE_SIGN_ENTITLEMENTS = SpotifyLoginSampleApp/SpotifyLoginSampleApp.entitlements;
				CODE_SIGN_STYLE = Automatic;
				CURRENT_PROJECT_VERSION = 1;
				DEVELOPMENT_TEAM = BQSHS2D2FB;
				GENERATE_INFOPLIST_FILE = YES;
				INFOPLIST_FILE = SpotifyLoginSampleApp/Info.plist;
				INFOPLIST_KEY_UIApplicationSupportsIndirectInputEvents = YES;
				INFOPLIST_KEY_UILaunchStoryboardName = LaunchScreen;
				INFOPLIST_KEY_UIMainStoryboardFile = Main;
				INFOPLIST_KEY_UISupportedInterfaceOrientations_iPad = "UIInterfaceOrientationPortrait UIInterfaceOrientationPortraitUpsideDown UIInterfaceOrientationLandscapeLeft UIInterfaceOrientationLandscapeRight";
				INFOPLIST_KEY_UISupportedInterfaceOrientations_iPhone = "UIInterfaceOrientationPortrait UIInterfaceOrientationLandscapeLeft UIInterfaceOrientationLandscapeRight";
				IPHONEOS_DEPLOYMENT_TARGET = 15.0;
				LD_RUNPATH_SEARCH_PATHS = (
					"$(inherited)",
					"@executable_path/Frameworks",
				);
				MARKETING_VERSION = 1.0;
				PRODUCT_BUNDLE_IDENTIFIER = CaliPrivate.SpotifyLoginSampleApp;
				PRODUCT_NAME = "$(TARGET_NAME)";
				SWIFT_EMIT_LOC_STRINGS = YES;
				SWIFT_VERSION = 5.0;
				TARGETED_DEVICE_FAMILY = "1,2";
			};
			name = Release;
		};
/* End XCBuildConfiguration section */

/* Begin XCConfigurationList section */
		B968DE4428E2ACDB0049D1CD /* Build configuration list for PBXProject "SpotifyLoginSampleApp" */ = {
			isa = XCConfigurationList;
			buildConfigurations = (
				B968DE5B28E2ACDC0049D1CD /* Debug */,
				B968DE5C28E2ACDC0049D1CD /* Release */,
			);
			defaultConfigurationIsVisible = 0;
			defaultConfigurationName = Release;
		};
		B968DE5D28E2ACDC0049D1CD /* Build configuration list for PBXNativeTarget "SpotifyLoginSampleApp" */ = {
			isa = XCConfigurationList;
			buildConfigurations = (
				B968DE5E28E2ACDC0049D1CD /* Debug */,
				B968DE5F28E2ACDC0049D1CD /* Release */,
			);
			defaultConfigurationIsVisible = 0;
			defaultConfigurationName = Release;
		};
/* End XCConfigurationList section */
	};
	rootObject = B968DE4128E2ACDB0049D1CD /* Project object */;
}
