// !$*UTF8*$!
{
	archiveVersion = 1;
	classes = {
	};
	objectVersion = 56;
	objects = {

/* Begin PBXBuildFile section */
		CC1FF30529A85B6400CB263B /* CoreDataManager.swift in Sources */ = {isa = PBXBuildFile; fileRef = CC1FF30429A85B6400CB263B /* CoreDataManager.swift */; };
		CC1FF30729A8A2AA00CB263B /* ToDoCell.swift in Sources */ = {isa = PBXBuildFile; fileRef = CC1FF30629A8A2AA00CB263B /* ToDoCell.swift */; };
		CC1FF30929A8DF7D00CB263B /* DetailViewController.swift in Sources */ = {isa = PBXBuildFile; fileRef = CC1FF30829A8DF7D00CB263B /* DetailViewController.swift */; };
		CC1FF30B29A8EA3600CB263B /* MyColor.swift in Sources */ = {isa = PBXBuildFile; fileRef = CC1FF30A29A8EA3600CB263B /* MyColor.swift */; };
		CC1FF30D29A8EA4300CB263B /* UIColor+Extension.swift in Sources */ = {isa = PBXBuildFile; fileRef = CC1FF30C29A8EA4300CB263B /* UIColor+Extension.swift */; };
		CCD3AF8729A8485300C2C5F9 /* AppDelegate.swift in Sources */ = {isa = PBXBuildFile; fileRef = CCD3AF8629A8485300C2C5F9 /* AppDelegate.swift */; };
		CCD3AF8929A8485300C2C5F9 /* SceneDelegate.swift in Sources */ = {isa = PBXBuildFile; fileRef = CCD3AF8829A8485300C2C5F9 /* SceneDelegate.swift */; };
		CCD3AF8B29A8485300C2C5F9 /* ViewController.swift in Sources */ = {isa = PBXBuildFile; fileRef = CCD3AF8A29A8485300C2C5F9 /* ViewController.swift */; };
		CCD3AF8E29A8485300C2C5F9 /* Main.storyboard in Resources */ = {isa = PBXBuildFile; fileRef = CCD3AF8C29A8485300C2C5F9 /* Main.storyboard */; };
		CCD3AF9129A8485300C2C5F9 /* ToDoList.xcdatamodeld in Sources */ = {isa = PBXBuildFile; fileRef = CCD3AF8F29A8485300C2C5F9 /* ToDoList.xcdatamodeld */; };
		CCD3AF9329A8485600C2C5F9 /* Assets.xcassets in Resources */ = {isa = PBXBuildFile; fileRef = CCD3AF9229A8485600C2C5F9 /* Assets.xcassets */; };
		CCD3AF9629A8485600C2C5F9 /* LaunchScreen.storyboard in Resources */ = {isa = PBXBuildFile; fileRef = CCD3AF9429A8485600C2C5F9 /* LaunchScreen.storyboard */; };
		CCD3AFA129A84B7E00C2C5F9 /* MemoData+CoreDataClass.swift in Sources */ = {isa = PBXBuildFile; fileRef = CCD3AF9F29A84B7E00C2C5F9 /* MemoData+CoreDataClass.swift */; };
		CCD3AFA229A84B7E00C2C5F9 /* MemoData+CoreDataProperties.swift in Sources */ = {isa = PBXBuildFile; fileRef = CCD3AFA029A84B7E00C2C5F9 /* MemoData+CoreDataProperties.swift */; };
/* End PBXBuildFile section */

/* Begin PBXFileReference section */
		CC1FF30429A85B6400CB263B /* CoreDataManager.swift */ = {isa = PBXFileReference; lastKnownFileType = sourcecode.swift; path = CoreDataManager.swift; sourceTree = "<group>"; };
		CC1FF30629A8A2AA00CB263B /* ToDoCell.swift */ = {isa = PBXFileReference; lastKnownFileType = sourcecode.swift; path = ToDoCell.swift; sourceTree = "<group>"; };
		CC1FF30829A8DF7D00CB263B /* DetailViewController.swift */ = {isa = PBXFileReference; lastKnownFileType = sourcecode.swift; path = DetailViewController.swift; sourceTree = "<group>"; };
		CC1FF30A29A8EA3600CB263B /* MyColor.swift */ = {isa = PBXFileReference; lastKnownFileType = sourcecode.swift; path = MyColor.swift; sourceTree = "<group>"; };
		CC1FF30C29A8EA4300CB263B /* UIColor+Extension.swift */ = {isa = PBXFileReference; lastKnownFileType = sourcecode.swift; path = "UIColor+Extension.swift"; sourceTree = "<group>"; };
		CCD3AF8329A8485300C2C5F9 /* ToDoList.app */ = {isa = PBXFileReference; explicitFileType = wrapper.application; includeInIndex = 0; path = ToDoList.app; sourceTree = BUILT_PRODUCTS_DIR; };
		CCD3AF8629A8485300C2C5F9 /* AppDelegate.swift */ = {isa = PBXFileReference; lastKnownFileType = sourcecode.swift; path = AppDelegate.swift; sourceTree = "<group>"; };
		CCD3AF8829A8485300C2C5F9 /* SceneDelegate.swift */ = {isa = PBXFileReference; lastKnownFileType = sourcecode.swift; path = SceneDelegate.swift; sourceTree = "<group>"; };
		CCD3AF8A29A8485300C2C5F9 /* ViewController.swift */ = {isa = PBXFileReference; lastKnownFileType = sourcecode.swift; path = ViewController.swift; sourceTree = "<group>"; };
		CCD3AF8D29A8485300C2C5F9 /* Base */ = {isa = PBXFileReference; lastKnownFileType = file.storyboard; name = Base; path = Base.lproj/Main.storyboard; sourceTree = "<group>"; };
		CCD3AF9029A8485300C2C5F9 /* ToDoList.xcdatamodel */ = {isa = PBXFileReference; lastKnownFileType = wrapper.xcdatamodel; path = ToDoList.xcdatamodel; sourceTree = "<group>"; };
		CCD3AF9229A8485600C2C5F9 /* Assets.xcassets */ = {isa = PBXFileReference; lastKnownFileType = folder.assetcatalog; path = Assets.xcassets; sourceTree = "<group>"; };
		CCD3AF9529A8485600C2C5F9 /* Base */ = {isa = PBXFileReference; lastKnownFileType = file.storyboard; name = Base; path = Base.lproj/LaunchScreen.storyboard; sourceTree = "<group>"; };
		CCD3AF9729A8485600C2C5F9 /* Info.plist */ = {isa = PBXFileReference; lastKnownFileType = text.plist.xml; path = Info.plist; sourceTree = "<group>"; };
		CCD3AF9F29A84B7E00C2C5F9 /* MemoData+CoreDataClass.swift */ = {isa = PBXFileReference; lastKnownFileType = sourcecode.swift; path = "MemoData+CoreDataClass.swift"; sourceTree = "<group>"; };
		CCD3AFA029A84B7E00C2C5F9 /* MemoData+CoreDataProperties.swift */ = {isa = PBXFileReference; lastKnownFileType = sourcecode.swift; path = "MemoData+CoreDataProperties.swift"; sourceTree = "<group>"; };
/* End PBXFileReference section */

/* Begin PBXFrameworksBuildPhase section */
		CCD3AF8029A8485300C2C5F9 /* Frameworks */ = {
			isa = PBXFrameworksBuildPhase;
			buildActionMask = 2147483647;
			files = (
			);
			runOnlyForDeploymentPostprocessing = 0;
		};
/* End PBXFrameworksBuildPhase section */

/* Begin PBXGroup section */
		CCD3AF7A29A8485300C2C5F9 = {
			isa = PBXGroup;
			children = (
				CCD3AF8529A8485300C2C5F9 /* ToDoList */,
				CCD3AF8429A8485300C2C5F9 /* Products */,
			);
			sourceTree = "<group>";
		};
		CCD3AF8429A8485300C2C5F9 /* Products */ = {
			isa = PBXGroup;
			children = (
				CCD3AF8329A8485300C2C5F9 /* ToDoList.app */,
			);
			name = Products;
			sourceTree = "<group>";
		};
		CCD3AF8529A8485300C2C5F9 /* ToDoList */ = {
			isa = PBXGroup;
			children = (
				CCD3AF8629A8485300C2C5F9 /* AppDelegate.swift */,
				CCD3AF8829A8485300C2C5F9 /* SceneDelegate.swift */,
				CCD3AFA629A84CB200C2C5F9 /* Helpers */,
				CCD3AFA529A84CAA00C2C5F9 /* Models */,
				CCD3AFA429A84CA200C2C5F9 /* Views */,
				CCD3AFA329A84C9800C2C5F9 /* Controllers */,
				CCD3AF8C29A8485300C2C5F9 /* Main.storyboard */,
				CCD3AF9229A8485600C2C5F9 /* Assets.xcassets */,
				CCD3AF9429A8485600C2C5F9 /* LaunchScreen.storyboard */,
				CCD3AF9729A8485600C2C5F9 /* Info.plist */,
				CCD3AF8F29A8485300C2C5F9 /* ToDoList.xcdatamodeld */,
			);
			path = ToDoList;
			sourceTree = "<group>";
		};
		CCD3AFA329A84C9800C2C5F9 /* Controllers */ = {
			isa = PBXGroup;
			children = (
				CCD3AF8A29A8485300C2C5F9 /* ViewController.swift */,
				CC1FF30829A8DF7D00CB263B /* DetailViewController.swift */,
			);
			path = Controllers;
			sourceTree = "<group>";
		};
		CCD3AFA429A84CA200C2C5F9 /* Views */ = {
			isa = PBXGroup;
			children = (
				CC1FF30629A8A2AA00CB263B /* ToDoCell.swift */,
			);
			path = Views;
			sourceTree = "<group>";
		};
		CCD3AFA529A84CAA00C2C5F9 /* Models */ = {
			isa = PBXGroup;
			children = (
				CCD3AF9F29A84B7E00C2C5F9 /* MemoData+CoreDataClass.swift */,
				CCD3AFA029A84B7E00C2C5F9 /* MemoData+CoreDataProperties.swift */,
				CC1FF30429A85B6400CB263B /* CoreDataManager.swift */,
			);
			path = Models;
			sourceTree = "<group>";
		};
		CCD3AFA629A84CB200C2C5F9 /* Helpers */ = {
			isa = PBXGroup;
			children = (
				CC1FF30A29A8EA3600CB263B /* MyColor.swift */,
				CC1FF30C29A8EA4300CB263B /* UIColor+Extension.swift */,
			);
			path = Helpers;
			sourceTree = "<group>";
		};
/* End PBXGroup section */

/* Begin PBXNativeTarget section */
		CCD3AF8229A8485300C2C5F9 /* ToDoList */ = {
			isa = PBXNativeTarget;
			buildConfigurationList = CCD3AF9A29A8485600C2C5F9 /* Build configuration list for PBXNativeTarget "ToDoList" */;
			buildPhases = (
				CCD3AF7F29A8485300C2C5F9 /* Sources */,
				CCD3AF8029A8485300C2C5F9 /* Frameworks */,
				CCD3AF8129A8485300C2C5F9 /* Resources */,
			);
			buildRules = (
			);
			dependencies = (
			);
			name = ToDoList;
			productName = ToDoList;
			productReference = CCD3AF8329A8485300C2C5F9 /* ToDoList.app */;
			productType = "com.apple.product-type.application";
		};
/* End PBXNativeTarget section */

/* Begin PBXProject section */
		CCD3AF7B29A8485300C2C5F9 /* Project object */ = {
			isa = PBXProject;
			attributes = {
				BuildIndependentTargetsInParallel = 1;
				LastSwiftUpdateCheck = 1420;
				LastUpgradeCheck = 1420;
				TargetAttributes = {
					CCD3AF8229A8485300C2C5F9 = {
						CreatedOnToolsVersion = 14.2;
					};
				};
			};
			buildConfigurationList = CCD3AF7E29A8485300C2C5F9 /* Build configuration list for PBXProject "ToDoList" */;
			compatibilityVersion = "Xcode 14.0";
			developmentRegion = en;
			hasScannedForEncodings = 0;
			knownRegions = (
				en,
				Base,
			);
			mainGroup = CCD3AF7A29A8485300C2C5F9;
			productRefGroup = CCD3AF8429A8485300C2C5F9 /* Products */;
			projectDirPath = "";
			projectRoot = "";
			targets = (
				CCD3AF8229A8485300C2C5F9 /* ToDoList */,
			);
		};
/* End PBXProject section */

/* Begin PBXResourcesBuildPhase section */
		CCD3AF8129A8485300C2C5F9 /* Resources */ = {
			isa = PBXResourcesBuildPhase;
			buildActionMask = 2147483647;
			files = (
				CCD3AF9629A8485600C2C5F9 /* LaunchScreen.storyboard in Resources */,
				CCD3AF9329A8485600C2C5F9 /* Assets.xcassets in Resources */,
				CCD3AF8E29A8485300C2C5F9 /* Main.storyboard in Resources */,
			);
			runOnlyForDeploymentPostprocessing = 0;
		};
/* End PBXResourcesBuildPhase section */

/* Begin PBXSourcesBuildPhase section */
		CCD3AF7F29A8485300C2C5F9 /* Sources */ = {
			isa = PBXSourcesBuildPhase;
			buildActionMask = 2147483647;
			files = (
				CC1FF30929A8DF7D00CB263B /* DetailViewController.swift in Sources */,
				CCD3AF8B29A8485300C2C5F9 /* ViewController.swift in Sources */,
				CCD3AF8729A8485300C2C5F9 /* AppDelegate.swift in Sources */,
				CC1FF30D29A8EA4300CB263B /* UIColor+Extension.swift in Sources */,
				CCD3AF8929A8485300C2C5F9 /* SceneDelegate.swift in Sources */,
				CCD3AFA129A84B7E00C2C5F9 /* MemoData+CoreDataClass.swift in Sources */,
				CC1FF30B29A8EA3600CB263B /* MyColor.swift in Sources */,
				CCD3AFA229A84B7E00C2C5F9 /* MemoData+CoreDataProperties.swift in Sources */,
				CC1FF30529A85B6400CB263B /* CoreDataManager.swift in Sources */,
				CCD3AF9129A8485300C2C5F9 /* ToDoList.xcdatamodeld in Sources */,
				CC1FF30729A8A2AA00CB263B /* ToDoCell.swift in Sources */,
			);
			runOnlyForDeploymentPostprocessing = 0;
		};
/* End PBXSourcesBuildPhase section */

/* Begin PBXVariantGroup section */
		CCD3AF8C29A8485300C2C5F9 /* Main.storyboard */ = {
			isa = PBXVariantGroup;
			children = (
				CCD3AF8D29A8485300C2C5F9 /* Base */,
			);
			name = Main.storyboard;
			sourceTree = "<group>";
		};
		CCD3AF9429A8485600C2C5F9 /* LaunchScreen.storyboard */ = {
			isa = PBXVariantGroup;
			children = (
				CCD3AF9529A8485600C2C5F9 /* Base */,
			);
			name = LaunchScreen.storyboard;
			sourceTree = "<group>";
		};
/* End PBXVariantGroup section */

/* Begin XCBuildConfiguration section */
		CCD3AF9829A8485600C2C5F9 /* Debug */ = {
			isa = XCBuildConfiguration;
			buildSettings = {
				ALWAYS_SEARCH_USER_PATHS = NO;
				CLANG_ANALYZER_NONNULL = YES;
				CLANG_ANALYZER_NUMBER_OBJECT_CONVERSION = YES_AGGRESSIVE;
				CLANG_CXX_LANGUAGE_STANDARD = "gnu++20";
				CLANG_ENABLE_MODULES = YES;
				CLANG_ENABLE_OBJC_ARC = YES;
				CLANG_ENABLE_OBJC_WEAK = YES;
				CLANG_WARN_BLOCK_CAPTURE_AUTORELEASING = YES;
				CLANG_WARN_BOOL_CONVERSION = YES;
				CLANG_WARN_COMMA = YES;
				CLANG_WARN_CONSTANT_CONVERSION = YES;
				CLANG_WARN_DEPRECATED_OBJC_IMPLEMENTATIONS = YES;
				CLANG_WARN_DIRECT_OBJC_ISA_USAGE = YES_ERROR;
				CLANG_WARN_DOCUMENTATION_COMMENTS = YES;
				CLANG_WARN_EMPTY_BODY = YES;
				CLANG_WARN_ENUM_CONVERSION = YES;
				CLANG_WARN_INFINITE_RECURSION = YES;
				CLANG_WARN_INT_CONVERSION = YES;
				CLANG_WARN_NON_LITERAL_NULL_CONVERSION = YES;
				CLANG_WARN_OBJC_IMPLICIT_RETAIN_SELF = YES;
				CLANG_WARN_OBJC_LITERAL_CONVERSION = YES;
				CLANG_WARN_OBJC_ROOT_CLASS = YES_ERROR;
				CLANG_WARN_QUOTED_INCLUDE_IN_FRAMEWORK_HEADER = YES;
				CLANG_WARN_RANGE_LOOP_ANALYSIS = YES;
				CLANG_WARN_STRICT_PROTOTYPES = YES;
				CLANG_WARN_SUSPICIOUS_MOVE = YES;
				CLANG_WARN_UNGUARDED_AVAILABILITY = YES_AGGRESSIVE;
				CLANG_WARN_UNREACHABLE_CODE = YES;
				CLANG_WARN__DUPLICATE_METHOD_MATCH = YES;
				COPY_PHASE_STRIP = NO;
				DEBUG_INFORMATION_FORMAT = dwarf;
				ENABLE_STRICT_OBJC_MSGSEND = YES;
				ENABLE_TESTABILITY = YES;
				GCC_C_LANGUAGE_STANDARD = gnu11;
				GCC_DYNAMIC_NO_PIC = NO;
				GCC_NO_COMMON_BLOCKS = YES;
				GCC_OPTIMIZATION_LEVEL = 0;
				GCC_PREPROCESSOR_DEFINITIONS = (
					"DEBUG=1",
					"$(inherited)",
				);
				GCC_WARN_64_TO_32_BIT_CONVERSION = YES;
				GCC_WARN_ABOUT_RETURN_TYPE = YES_ERROR;
				GCC_WARN_UNDECLARED_SELECTOR = YES;
				GCC_WARN_UNINITIALIZED_AUTOS = YES_AGGRESSIVE;
				GCC_WARN_UNUSED_FUNCTION = YES;
				GCC_WARN_UNUSED_VARIABLE = YES;
				IPHONEOS_DEPLOYMENT_TARGET = 16.2;
				MTL_ENABLE_DEBUG_INFO = INCLUDE_SOURCE;
				MTL_FAST_MATH = YES;
				ONLY_ACTIVE_ARCH = YES;
				SDKROOT = iphoneos;
				SWIFT_ACTIVE_COMPILATION_CONDITIONS = DEBUG;
				SWIFT_OPTIMIZATION_LEVEL = "-Onone";
			};
			name = Debug;
		};
		CCD3AF9929A8485600C2C5F9 /* Release */ = {
			isa = XCBuildConfiguration;
			buildSettings = {
				ALWAYS_SEARCH_USER_PATHS = NO;
				CLANG_ANALYZER_NONNULL = YES;
				CLANG_ANALYZER_NUMBER_OBJECT_CONVERSION = YES_AGGRESSIVE;
				CLANG_CXX_LANGUAGE_STANDARD = "gnu++20";
				CLANG_ENABLE_MODULES = YES;
				CLANG_ENABLE_OBJC_ARC = YES;
				CLANG_ENABLE_OBJC_WEAK = YES;
				CLANG_WARN_BLOCK_CAPTURE_AUTORELEASING = YES;
				CLANG_WARN_BOOL_CONVERSION = YES;
				CLANG_WARN_COMMA = YES;
				CLANG_WARN_CONSTANT_CONVERSION = YES;
				CLANG_WARN_DEPRECATED_OBJC_IMPLEMENTATIONS = YES;
				CLANG_WARN_DIRECT_OBJC_ISA_USAGE = YES_ERROR;
				CLANG_WARN_DOCUMENTATION_COMMENTS = YES;
				CLANG_WARN_EMPTY_BODY = YES;
				CLANG_WARN_ENUM_CONVERSION = YES;
				CLANG_WARN_INFINITE_RECURSION = YES;
				CLANG_WARN_INT_CONVERSION = YES;
				CLANG_WARN_NON_LITERAL_NULL_CONVERSION = YES;
				CLANG_WARN_OBJC_IMPLICIT_RETAIN_SELF = YES;
				CLANG_WARN_OBJC_LITERAL_CONVERSION = YES;
				CLANG_WARN_OBJC_ROOT_CLASS = YES_ERROR;
				CLANG_WARN_QUOTED_INCLUDE_IN_FRAMEWORK_HEADER = YES;
				CLANG_WARN_RANGE_LOOP_ANALYSIS = YES;
				CLANG_WARN_STRICT_PROTOTYPES = YES;
				CLANG_WARN_SUSPICIOUS_MOVE = YES;
				CLANG_WARN_UNGUARDED_AVAILABILITY = YES_AGGRESSIVE;
				CLANG_WARN_UNREACHABLE_CODE = YES;
				CLANG_WARN__DUPLICATE_METHOD_MATCH = YES;
				COPY_PHASE_STRIP = NO;
				DEBUG_INFORMATION_FORMAT = "dwarf-with-dsym";
				ENABLE_NS_ASSERTIONS = NO;
				ENABLE_STRICT_OBJC_MSGSEND = YES;
				GCC_C_LANGUAGE_STANDARD = gnu11;
				GCC_NO_COMMON_BLOCKS = YES;
				GCC_WARN_64_TO_32_BIT_CONVERSION = YES;
				GCC_WARN_ABOUT_RETURN_TYPE = YES_ERROR;
				GCC_WARN_UNDECLARED_SELECTOR = YES;
				GCC_WARN_UNINITIALIZED_AUTOS = YES_AGGRESSIVE;
				GCC_WARN_UNUSED_FUNCTION = YES;
				GCC_WARN_UNUSED_VARIABLE = YES;
				IPHONEOS_DEPLOYMENT_TARGET = 16.2;
				MTL_ENABLE_DEBUG_INFO = NO;
				MTL_FAST_MATH = YES;
				SDKROOT = iphoneos;
				SWIFT_COMPILATION_MODE = wholemodule;
				SWIFT_OPTIMIZATION_LEVEL = "-O";
				VALIDATE_PRODUCT = YES;
			};
			name = Release;
		};
		CCD3AF9B29A8485600C2C5F9 /* Debug */ = {
			isa = XCBuildConfiguration;
			buildSettings = {
				ASSETCATALOG_COMPILER_APPICON_NAME = AppIcon;
				ASSETCATALOG_COMPILER_GLOBAL_ACCENT_COLOR_NAME = AccentColor;
				CODE_SIGN_STYLE = Automatic;
				CURRENT_PROJECT_VERSION = 1;
				GENERATE_INFOPLIST_FILE = YES;
				INFOPLIST_FILE = ToDoList/Info.plist;
				INFOPLIST_KEY_UIApplicationSupportsIndirectInputEvents = YES;
				INFOPLIST_KEY_UILaunchStoryboardName = LaunchScreen;
				INFOPLIST_KEY_UIMainStoryboardFile = Main;
				INFOPLIST_KEY_UISupportedInterfaceOrientations_iPad = "UIInterfaceOrientationPortrait UIInterfaceOrientationPortraitUpsideDown UIInterfaceOrientationLandscapeLeft UIInterfaceOrientationLandscapeRight";
				INFOPLIST_KEY_UISupportedInterfaceOrientations_iPhone = "UIInterfaceOrientationPortrait UIInterfaceOrientationLandscapeLeft UIInterfaceOrientationLandscapeRight";
				LD_RUNPATH_SEARCH_PATHS = (
					"$(inherited)",
					"@executable_path/Frameworks",
				);
				MARKETING_VERSION = 1.0;
				PRODUCT_BUNDLE_IDENTIFIER = com.CaliWorkspace.ToDoList;
				PRODUCT_NAME = "$(TARGET_NAME)";
				SWIFT_EMIT_LOC_STRINGS = YES;
				SWIFT_VERSION = 5.0;
				TARGETED_DEVICE_FAMILY = "1,2";
			};
			name = Debug;
		};
		CCD3AF9C29A8485600C2C5F9 /* Release */ = {
			isa = XCBuildConfiguration;
			buildSettings = {
				ASSETCATALOG_COMPILER_APPICON_NAME = AppIcon;
				ASSETCATALOG_COMPILER_GLOBAL_ACCENT_COLOR_NAME = AccentColor;
				CODE_SIGN_STYLE = Automatic;
				CURRENT_PROJECT_VERSION = 1;
				GENERATE_INFOPLIST_FILE = YES;
				INFOPLIST_FILE = ToDoList/Info.plist;
				INFOPLIST_KEY_UIApplicationSupportsIndirectInputEvents = YES;
				INFOPLIST_KEY_UILaunchStoryboardName = LaunchScreen;
				INFOPLIST_KEY_UIMainStoryboardFile = Main;
				INFOPLIST_KEY_UISupportedInterfaceOrientations_iPad = "UIInterfaceOrientationPortrait UIInterfaceOrientationPortraitUpsideDown UIInterfaceOrientationLandscapeLeft UIInterfaceOrientationLandscapeRight";
				INFOPLIST_KEY_UISupportedInterfaceOrientations_iPhone = "UIInterfaceOrientationPortrait UIInterfaceOrientationLandscapeLeft UIInterfaceOrientationLandscapeRight";
				LD_RUNPATH_SEARCH_PATHS = (
					"$(inherited)",
					"@executable_path/Frameworks",
				);
				MARKETING_VERSION = 1.0;
				PRODUCT_BUNDLE_IDENTIFIER = com.CaliWorkspace.ToDoList;
				PRODUCT_NAME = "$(TARGET_NAME)";
				SWIFT_EMIT_LOC_STRINGS = YES;
				SWIFT_VERSION = 5.0;
				TARGETED_DEVICE_FAMILY = "1,2";
			};
			name = Release;
		};
/* End XCBuildConfiguration section */

/* Begin XCConfigurationList section */
		CCD3AF7E29A8485300C2C5F9 /* Build configuration list for PBXProject "ToDoList" */ = {
			isa = XCConfigurationList;
			buildConfigurations = (
				CCD3AF9829A8485600C2C5F9 /* Debug */,
				CCD3AF9929A8485600C2C5F9 /* Release */,
			);
			defaultConfigurationIsVisible = 0;
			defaultConfigurationName = Release;
		};
		CCD3AF9A29A8485600C2C5F9 /* Build configuration list for PBXNativeTarget "ToDoList" */ = {
			isa = XCConfigurationList;
			buildConfigurations = (
				CCD3AF9B29A8485600C2C5F9 /* Debug */,
				CCD3AF9C29A8485600C2C5F9 /* Release */,
			);
			defaultConfigurationIsVisible = 0;
			defaultConfigurationName = Release;
		};
/* End XCConfigurationList section */

/* Begin XCVersionGroup section */
		CCD3AF8F29A8485300C2C5F9 /* ToDoList.xcdatamodeld */ = {
			isa = XCVersionGroup;
			children = (
				CCD3AF9029A8485300C2C5F9 /* ToDoList.xcdatamodel */,
			);
			currentVersion = CCD3AF9029A8485300C2C5F9 /* ToDoList.xcdatamodel */;
			path = ToDoList.xcdatamodeld;
			sourceTree = "<group>";
			versionGroupType = wrapper.xcdatamodel;
		};
/* End XCVersionGroup section */
	};
	rootObject = CCD3AF7B29A8485300C2C5F9 /* Project object */;
}
