// !$*UTF8*$!
{
	archiveVersion = 1;
	classes = {
	};
	objectVersion = 56;
	objects = {

/* Begin PBXBuildFile section */
		CC0D3899290FB2E6000DE1AB /* RxCocoa in Frameworks */ = {isa = PBXBuildFile; productRef = CC0D3898290FB2E6000DE1AB /* RxCocoa */; };
		CC0D389B290FB2E6000DE1AB /* RxSwift in Frameworks */ = {isa = PBXBuildFile; productRef = CC0D389A290FB2E6000DE1AB /* RxSwift */; };
		CC0D389D290FB33A000DE1AB /* RepositoryListViewController.swift in Sources */ = {isa = PBXBuildFile; fileRef = CC0D389C290FB33A000DE1AB /* RepositoryListViewController.swift */; };
		CC0D389F290FB3C8000DE1AB /* RepositoryListCell.swift in Sources */ = {isa = PBXBuildFile; fileRef = CC0D389E290FB3C8000DE1AB /* RepositoryListCell.swift */; };
		CC0D38A2290FB3E3000DE1AB /* SnapKit in Frameworks */ = {isa = PBXBuildFile; productRef = CC0D38A1290FB3E3000DE1AB /* SnapKit */; };
		CC44A03128FEF5F300E7C421 /* AppDelegate.swift in Sources */ = {isa = PBXBuildFile; fileRef = CC44A03028FEF5F300E7C421 /* AppDelegate.swift */; };
		CC44A03328FEF5F300E7C421 /* SceneDelegate.swift in Sources */ = {isa = PBXBuildFile; fileRef = CC44A03228FEF5F300E7C421 /* SceneDelegate.swift */; };
		CC44A03A28FEF5F400E7C421 /* Assets.xcassets in Resources */ = {isa = PBXBuildFile; fileRef = CC44A03928FEF5F400E7C421 /* Assets.xcassets */; };
		CC44A03D28FEF5F400E7C421 /* LaunchScreen.storyboard in Resources */ = {isa = PBXBuildFile; fileRef = CC44A03B28FEF5F400E7C421 /* LaunchScreen.storyboard */; };
		CC888F63290FB97000488EC6 /* Repository.swift in Sources */ = {isa = PBXBuildFile; fileRef = CC888F62290FB97000488EC6 /* Repository.swift */; };
/* End PBXBuildFile section */

/* Begin PBXFileReference section */
		CC0D389C290FB33A000DE1AB /* RepositoryListViewController.swift */ = {isa = PBXFileReference; lastKnownFileType = sourcecode.swift; path = RepositoryListViewController.swift; sourceTree = "<group>"; };
		CC0D389E290FB3C8000DE1AB /* RepositoryListCell.swift */ = {isa = PBXFileReference; lastKnownFileType = sourcecode.swift; path = RepositoryListCell.swift; sourceTree = "<group>"; };
		CC44A02D28FEF5F300E7C421 /* GitHubRepository.app */ = {isa = PBXFileReference; explicitFileType = wrapper.application; includeInIndex = 0; path = GitHubRepository.app; sourceTree = BUILT_PRODUCTS_DIR; };
		CC44A03028FEF5F300E7C421 /* AppDelegate.swift */ = {isa = PBXFileReference; lastKnownFileType = sourcecode.swift; path = AppDelegate.swift; sourceTree = "<group>"; };
		CC44A03228FEF5F300E7C421 /* SceneDelegate.swift */ = {isa = PBXFileReference; lastKnownFileType = sourcecode.swift; path = SceneDelegate.swift; sourceTree = "<group>"; };
		CC44A03928FEF5F400E7C421 /* Assets.xcassets */ = {isa = PBXFileReference; lastKnownFileType = folder.assetcatalog; path = Assets.xcassets; sourceTree = "<group>"; };
		CC44A03C28FEF5F400E7C421 /* Base */ = {isa = PBXFileReference; lastKnownFileType = file.storyboard; name = Base; path = Base.lproj/LaunchScreen.storyboard; sourceTree = "<group>"; };
		CC44A03E28FEF5F400E7C421 /* Info.plist */ = {isa = PBXFileReference; lastKnownFileType = text.plist.xml; path = Info.plist; sourceTree = "<group>"; };
		CC888F62290FB97000488EC6 /* Repository.swift */ = {isa = PBXFileReference; lastKnownFileType = sourcecode.swift; path = Repository.swift; sourceTree = "<group>"; };
/* End PBXFileReference section */

/* Begin PBXFrameworksBuildPhase section */
		CC44A02A28FEF5F300E7C421 /* Frameworks */ = {
			isa = PBXFrameworksBuildPhase;
			buildActionMask = 2147483647;
			files = (
				CC0D38A2290FB3E3000DE1AB /* SnapKit in Frameworks */,
				CC0D389B290FB2E6000DE1AB /* RxSwift in Frameworks */,
				CC0D3899290FB2E6000DE1AB /* RxCocoa in Frameworks */,
			);
			runOnlyForDeploymentPostprocessing = 0;
		};
/* End PBXFrameworksBuildPhase section */

/* Begin PBXGroup section */
		CC44A02428FEF5F300E7C421 = {
			isa = PBXGroup;
			children = (
				CC44A02F28FEF5F300E7C421 /* GitHubRepository */,
				CC44A02E28FEF5F300E7C421 /* Products */,
			);
			sourceTree = "<group>";
		};
		CC44A02E28FEF5F300E7C421 /* Products */ = {
			isa = PBXGroup;
			children = (
				CC44A02D28FEF5F300E7C421 /* GitHubRepository.app */,
			);
			name = Products;
			sourceTree = "<group>";
		};
		CC44A02F28FEF5F300E7C421 /* GitHubRepository */ = {
			isa = PBXGroup;
			children = (
				CC44A03028FEF5F300E7C421 /* AppDelegate.swift */,
				CC44A03228FEF5F300E7C421 /* SceneDelegate.swift */,
				CC44A03928FEF5F400E7C421 /* Assets.xcassets */,
				CC44A03B28FEF5F400E7C421 /* LaunchScreen.storyboard */,
				CC44A03E28FEF5F400E7C421 /* Info.plist */,
				CC0D389C290FB33A000DE1AB /* RepositoryListViewController.swift */,
				CC0D389E290FB3C8000DE1AB /* RepositoryListCell.swift */,
				CC888F62290FB97000488EC6 /* Repository.swift */,
			);
			path = GitHubRepository;
			sourceTree = "<group>";
		};
/* End PBXGroup section */

/* Begin PBXNativeTarget section */
		CC44A02C28FEF5F300E7C421 /* GitHubRepository */ = {
			isa = PBXNativeTarget;
			buildConfigurationList = CC44A04128FEF5F400E7C421 /* Build configuration list for PBXNativeTarget "GitHubRepository" */;
			buildPhases = (
				CC44A02928FEF5F300E7C421 /* Sources */,
				CC44A02A28FEF5F300E7C421 /* Frameworks */,
				CC44A02B28FEF5F300E7C421 /* Resources */,
			);
			buildRules = (
			);
			dependencies = (
			);
			name = GitHubRepository;
			packageProductDependencies = (
				CC0D3898290FB2E6000DE1AB /* RxCocoa */,
				CC0D389A290FB2E6000DE1AB /* RxSwift */,
				CC0D38A1290FB3E3000DE1AB /* SnapKit */,
			);
			productName = GitHubRepository;
			productReference = CC44A02D28FEF5F300E7C421 /* GitHubRepository.app */;
			productType = "com.apple.product-type.application";
		};
/* End PBXNativeTarget section */

/* Begin PBXProject section */
		CC44A02528FEF5F300E7C421 /* Project object */ = {
			isa = PBXProject;
			attributes = {
				BuildIndependentTargetsInParallel = 1;
				LastSwiftUpdateCheck = 1400;
				LastUpgradeCheck = 1400;
				TargetAttributes = {
					CC44A02C28FEF5F300E7C421 = {
						CreatedOnToolsVersion = 14.0.1;
					};
				};
			};
			buildConfigurationList = CC44A02828FEF5F300E7C421 /* Build configuration list for PBXProject "GitHubRepository" */;
			compatibilityVersion = "Xcode 14.0";
			developmentRegion = en;
			hasScannedForEncodings = 0;
			knownRegions = (
				en,
				Base,
			);
			mainGroup = CC44A02428FEF5F300E7C421;
			packageReferences = (
				CC0D3897290FB2E6000DE1AB /* XCRemoteSwiftPackageReference "RxSwift" */,
				CC0D38A0290FB3E3000DE1AB /* XCRemoteSwiftPackageReference "SnapKit" */,
			);
			productRefGroup = CC44A02E28FEF5F300E7C421 /* Products */;
			projectDirPath = "";
			projectRoot = "";
			targets = (
				CC44A02C28FEF5F300E7C421 /* GitHubRepository */,
			);
		};
/* End PBXProject section */

/* Begin PBXResourcesBuildPhase section */
		CC44A02B28FEF5F300E7C421 /* Resources */ = {
			isa = PBXResourcesBuildPhase;
			buildActionMask = 2147483647;
			files = (
				CC44A03D28FEF5F400E7C421 /* LaunchScreen.storyboard in Resources */,
				CC44A03A28FEF5F400E7C421 /* Assets.xcassets in Resources */,
			);
			runOnlyForDeploymentPostprocessing = 0;
		};
/* End PBXResourcesBuildPhase section */

/* Begin PBXSourcesBuildPhase section */
		CC44A02928FEF5F300E7C421 /* Sources */ = {
			isa = PBXSourcesBuildPhase;
			buildActionMask = 2147483647;
			files = (
				CC44A03128FEF5F300E7C421 /* AppDelegate.swift in Sources */,
				CC44A03328FEF5F300E7C421 /* SceneDelegate.swift in Sources */,
				CC888F63290FB97000488EC6 /* Repository.swift in Sources */,
				CC0D389D290FB33A000DE1AB /* RepositoryListViewController.swift in Sources */,
				CC0D389F290FB3C8000DE1AB /* RepositoryListCell.swift in Sources */,
			);
			runOnlyForDeploymentPostprocessing = 0;
		};
/* End PBXSourcesBuildPhase section */

/* Begin PBXVariantGroup section */
		CC44A03B28FEF5F400E7C421 /* LaunchScreen.storyboard */ = {
			isa = PBXVariantGroup;
			children = (
				CC44A03C28FEF5F400E7C421 /* Base */,
			);
			name = LaunchScreen.storyboard;
			sourceTree = "<group>";
		};
/* End PBXVariantGroup section */

/* Begin XCBuildConfiguration section */
		CC44A03F28FEF5F400E7C421 /* Debug */ = {
			isa = XCBuildConfiguration;
			buildSettings = {
				ALWAYS_SEARCH_USER_PATHS = NO;
				CLANG_ANALYZER_NONNULL = YES;
				CLANG_ANALYZER_NUMBER_OBJECT_CONVERSION = YES_AGGRESSIVE;
				CLANG_CXX_LANGUAGE_STANDARD = "gnu++20";
				CLANG_ENABLE_MODULES = YES;
				CLANG_ENABLE_OBJC_ARC = YES;
				CLANG_ENABLE_OBJC_WEAK = YES;
				CLANG_WARN_BLOCK_CAPTURE_AUTORELEASING = YES;
				CLANG_WARN_BOOL_CONVERSION = YES;
				CLANG_WARN_COMMA = YES;
				CLANG_WARN_CONSTANT_CONVERSION = YES;
				CLANG_WARN_DEPRECATED_OBJC_IMPLEMENTATIONS = YES;
				CLANG_WARN_DIRECT_OBJC_ISA_USAGE = YES_ERROR;
				CLANG_WARN_DOCUMENTATION_COMMENTS = YES;
				CLANG_WARN_EMPTY_BODY = YES;
				CLANG_WARN_ENUM_CONVERSION = YES;
				CLANG_WARN_INFINITE_RECURSION = YES;
				CLANG_WARN_INT_CONVERSION = YES;
				CLANG_WARN_NON_LITERAL_NULL_CONVERSION = YES;
				CLANG_WARN_OBJC_IMPLICIT_RETAIN_SELF = YES;
				CLANG_WARN_OBJC_LITERAL_CONVERSION = YES;
				CLANG_WARN_OBJC_ROOT_CLASS = YES_ERROR;
				CLANG_WARN_QUOTED_INCLUDE_IN_FRAMEWORK_HEADER = YES;
				CLANG_WARN_RANGE_LOOP_ANALYSIS = YES;
				CLANG_WARN_STRICT_PROTOTYPES = YES;
				CLANG_WARN_SUSPICIOUS_MOVE = YES;
				CLANG_WARN_UNGUARDED_AVAILABILITY = YES_AGGRESSIVE;
				CLANG_WARN_UNREACHABLE_CODE = YES;
				CLANG_WARN__DUPLICATE_METHOD_MATCH = YES;
				COPY_PHASE_STRIP = NO;
				DEBUG_INFORMATION_FORMAT = dwarf;
				ENABLE_STRICT_OBJC_MSGSEND = YES;
				ENABLE_TESTABILITY = YES;
				GCC_C_LANGUAGE_STANDARD = gnu11;
				GCC_DYNAMIC_NO_PIC = NO;
				GCC_NO_COMMON_BLOCKS = YES;
				GCC_OPTIMIZATION_LEVEL = 0;
				GCC_PREPROCESSOR_DEFINITIONS = (
					"DEBUG=1",
					"$(inherited)",
				);
				GCC_WARN_64_TO_32_BIT_CONVERSION = YES;
				GCC_WARN_ABOUT_RETURN_TYPE = YES_ERROR;
				GCC_WARN_UNDECLARED_SELECTOR = YES;
				GCC_WARN_UNINITIALIZED_AUTOS = YES_AGGRESSIVE;
				GCC_WARN_UNUSED_FUNCTION = YES;
				GCC_WARN_UNUSED_VARIABLE = YES;
				IPHONEOS_DEPLOYMENT_TARGET = 16.0;
				MTL_ENABLE_DEBUG_INFO = INCLUDE_SOURCE;
				MTL_FAST_MATH = YES;
				ONLY_ACTIVE_ARCH = YES;
				SDKROOT = iphoneos;
				SWIFT_ACTIVE_COMPILATION_CONDITIONS = DEBUG;
				SWIFT_OPTIMIZATION_LEVEL = "-Onone";
			};
			name = Debug;
		};
		CC44A04028FEF5F400E7C421 /* Release */ = {
			isa = XCBuildConfiguration;
			buildSettings = {
				ALWAYS_SEARCH_USER_PATHS = NO;
				CLANG_ANALYZER_NONNULL = YES;
				CLANG_ANALYZER_NUMBER_OBJECT_CONVERSION = YES_AGGRESSIVE;
				CLANG_CXX_LANGUAGE_STANDARD = "gnu++20";
				CLANG_ENABLE_MODULES = YES;
				CLANG_ENABLE_OBJC_ARC = YES;
				CLANG_ENABLE_OBJC_WEAK = YES;
				CLANG_WARN_BLOCK_CAPTURE_AUTORELEASING = YES;
				CLANG_WARN_BOOL_CONVERSION = YES;
				CLANG_WARN_COMMA = YES;
				CLANG_WARN_CONSTANT_CONVERSION = YES;
				CLANG_WARN_DEPRECATED_OBJC_IMPLEMENTATIONS = YES;
				CLANG_WARN_DIRECT_OBJC_ISA_USAGE = YES_ERROR;
				CLANG_WARN_DOCUMENTATION_COMMENTS = YES;
				CLANG_WARN_EMPTY_BODY = YES;
				CLANG_WARN_ENUM_CONVERSION = YES;
				CLANG_WARN_INFINITE_RECURSION = YES;
				CLANG_WARN_INT_CONVERSION = YES;
				CLANG_WARN_NON_LITERAL_NULL_CONVERSION = YES;
				CLANG_WARN_OBJC_IMPLICIT_RETAIN_SELF = YES;
				CLANG_WARN_OBJC_LITERAL_CONVERSION = YES;
				CLANG_WARN_OBJC_ROOT_CLASS = YES_ERROR;
				CLANG_WARN_QUOTED_INCLUDE_IN_FRAMEWORK_HEADER = YES;
				CLANG_WARN_RANGE_LOOP_ANALYSIS = YES;
				CLANG_WARN_STRICT_PROTOTYPES = YES;
				CLANG_WARN_SUSPICIOUS_MOVE = YES;
				CLANG_WARN_UNGUARDED_AVAILABILITY = YES_AGGRESSIVE;
				CLANG_WARN_UNREACHABLE_CODE = YES;
				CLANG_WARN__DUPLICATE_METHOD_MATCH = YES;
				COPY_PHASE_STRIP = NO;
				DEBUG_INFORMATION_FORMAT = "dwarf-with-dsym";
				ENABLE_NS_ASSERTIONS = NO;
				ENABLE_STRICT_OBJC_MSGSEND = YES;
				GCC_C_LANGUAGE_STANDARD = gnu11;
				GCC_NO_COMMON_BLOCKS = YES;
				GCC_WARN_64_TO_32_BIT_CONVERSION = YES;
				GCC_WARN_ABOUT_RETURN_TYPE = YES_ERROR;
				GCC_WARN_UNDECLARED_SELECTOR = YES;
				GCC_WARN_UNINITIALIZED_AUTOS = YES_AGGRESSIVE;
				GCC_WARN_UNUSED_FUNCTION = YES;
				GCC_WARN_UNUSED_VARIABLE = YES;
				IPHONEOS_DEPLOYMENT_TARGET = 16.0;
				MTL_ENABLE_DEBUG_INFO = NO;
				MTL_FAST_MATH = YES;
				SDKROOT = iphoneos;
				SWIFT_COMPILATION_MODE = wholemodule;
				SWIFT_OPTIMIZATION_LEVEL = "-O";
				VALIDATE_PRODUCT = YES;
			};
			name = Release;
		};
		CC44A04228FEF5F400E7C421 /* Debug */ = {
			isa = XCBuildConfiguration;
			buildSettings = {
				ASSETCATALOG_COMPILER_APPICON_NAME = AppIcon;
				ASSETCATALOG_COMPILER_GLOBAL_ACCENT_COLOR_NAME = AccentColor;
				CODE_SIGN_STYLE = Automatic;
				CURRENT_PROJECT_VERSION = 1;
				DEVELOPMENT_TEAM = BQSHS2D2FB;
				GENERATE_INFOPLIST_FILE = YES;
				INFOPLIST_FILE = GitHubRepository/Info.plist;
				INFOPLIST_KEY_UIApplicationSupportsIndirectInputEvents = YES;
				INFOPLIST_KEY_UILaunchStoryboardName = LaunchScreen;
				INFOPLIST_KEY_UISupportedInterfaceOrientations_iPad = "UIInterfaceOrientationPortrait UIInterfaceOrientationPortraitUpsideDown UIInterfaceOrientationLandscapeLeft UIInterfaceOrientationLandscapeRight";
				INFOPLIST_KEY_UISupportedInterfaceOrientations_iPhone = "UIInterfaceOrientationPortrait UIInterfaceOrientationLandscapeLeft UIInterfaceOrientationLandscapeRight";
				LD_RUNPATH_SEARCH_PATHS = (
					"$(inherited)",
					"@executable_path/Frameworks",
				);
				MARKETING_VERSION = 1.0;
				PRODUCT_BUNDLE_IDENTIFIER = com.CaliWorkspace.GitHubRepository;
				PRODUCT_NAME = "$(TARGET_NAME)";
				SWIFT_EMIT_LOC_STRINGS = YES;
				SWIFT_VERSION = 5.0;
				TARGETED_DEVICE_FAMILY = "1,2";
			};
			name = Debug;
		};
		CC44A04328FEF5F400E7C421 /* Release */ = {
			isa = XCBuildConfiguration;
			buildSettings = {
				ASSETCATALOG_COMPILER_APPICON_NAME = AppIcon;
				ASSETCATALOG_COMPILER_GLOBAL_ACCENT_COLOR_NAME = AccentColor;
				CODE_SIGN_STYLE = Automatic;
				CURRENT_PROJECT_VERSION = 1;
				DEVELOPMENT_TEAM = BQSHS2D2FB;
				GENERATE_INFOPLIST_FILE = YES;
				INFOPLIST_FILE = GitHubRepository/Info.plist;
				INFOPLIST_KEY_UIApplicationSupportsIndirectInputEvents = YES;
				INFOPLIST_KEY_UILaunchStoryboardName = LaunchScreen;
				INFOPLIST_KEY_UISupportedInterfaceOrientations_iPad = "UIInterfaceOrientationPortrait UIInterfaceOrientationPortraitUpsideDown UIInterfaceOrientationLandscapeLeft UIInterfaceOrientationLandscapeRight";
				INFOPLIST_KEY_UISupportedInterfaceOrientations_iPhone = "UIInterfaceOrientationPortrait UIInterfaceOrientationLandscapeLeft UIInterfaceOrientationLandscapeRight";
				LD_RUNPATH_SEARCH_PATHS = (
					"$(inherited)",
					"@executable_path/Frameworks",
				);
				MARKETING_VERSION = 1.0;
				PRODUCT_BUNDLE_IDENTIFIER = com.CaliWorkspace.GitHubRepository;
				PRODUCT_NAME = "$(TARGET_NAME)";
				SWIFT_EMIT_LOC_STRINGS = YES;
				SWIFT_VERSION = 5.0;
				TARGETED_DEVICE_FAMILY = "1,2";
			};
			name = Release;
		};
/* End XCBuildConfiguration section */

/* Begin XCConfigurationList section */
		CC44A02828FEF5F300E7C421 /* Build configuration list for PBXProject "GitHubRepository" */ = {
			isa = XCConfigurationList;
			buildConfigurations = (
				CC44A03F28FEF5F400E7C421 /* Debug */,
				CC44A04028FEF5F400E7C421 /* Release */,
			);
			defaultConfigurationIsVisible = 0;
			defaultConfigurationName = Release;
		};
		CC44A04128FEF5F400E7C421 /* Build configuration list for PBXNativeTarget "GitHubRepository" */ = {
			isa = XCConfigurationList;
			buildConfigurations = (
				CC44A04228FEF5F400E7C421 /* Debug */,
				CC44A04328FEF5F400E7C421 /* Release */,
			);
			defaultConfigurationIsVisible = 0;
			defaultConfigurationName = Release;
		};
/* End XCConfigurationList section */

/* Begin XCRemoteSwiftPackageReference section */
		CC0D3897290FB2E6000DE1AB /* XCRemoteSwiftPackageReference "RxSwift" */ = {
			isa = XCRemoteSwiftPackageReference;
			repositoryURL = "https://github.com/ReactiveX/RxSwift";
			requirement = {
				kind = upToNextMajorVersion;
				minimumVersion = 6.0.0;
			};
		};
		CC0D38A0290FB3E3000DE1AB /* XCRemoteSwiftPackageReference "SnapKit" */ = {
			isa = XCRemoteSwiftPackageReference;
			repositoryURL = "https://github.com/SnapKit/SnapKit.git";
			requirement = {
				kind = upToNextMajorVersion;
				minimumVersion = 5.0.0;
			};
		};
/* End XCRemoteSwiftPackageReference section */

/* Begin XCSwiftPackageProductDependency section */
		CC0D3898290FB2E6000DE1AB /* RxCocoa */ = {
			isa = XCSwiftPackageProductDependency;
			package = CC0D3897290FB2E6000DE1AB /* XCRemoteSwiftPackageReference "RxSwift" */;
			productName = RxCocoa;
		};
		CC0D389A290FB2E6000DE1AB /* RxSwift */ = {
			isa = XCSwiftPackageProductDependency;
			package = CC0D3897290FB2E6000DE1AB /* XCRemoteSwiftPackageReference "RxSwift" */;
			productName = RxSwift;
		};
		CC0D38A1290FB3E3000DE1AB /* SnapKit */ = {
			isa = XCSwiftPackageProductDependency;
			package = CC0D38A0290FB3E3000DE1AB /* XCRemoteSwiftPackageReference "SnapKit" */;
			productName = SnapKit;
		};
/* End XCSwiftPackageProductDependency section */
	};
	rootObject = CC44A02528FEF5F300E7C421 /* Project object */;
}
